
Microsoft Visual Studio Solution File, Format Version 12.00
# Visual Studio Version 17
VisualStudioVersion = 17.8.34330.188
MinimumVisualStudioVersion = 10.0.40219.1
Project("{FAE04EC0-301F-11D3-BF4B-00C04F79EFBC}") = "Test1", "Test1\Test1.csproj", "{344E6A06-3402-4B1F-94F2-F440AE0E0641}"
EndProject
Global
	GlobalSection(SolutionConfigurationPlatforms) = preSolution
		Debug|Any CPU = Debug|Any CPU
		Release|Any CPU = Release|Any CPU
	EndGlobalSection
	GlobalSection(ProjectConfigurationPlatforms) = postSolution
		{344E6A06-3402-4B1F-94F2-F440AE0E0641}.Debug|Any CPU.ActiveCfg = Debug|Any CPU
		{344E6A06-3402-4B1F-94F2-F440AE0E0641}.Debug|Any CPU.Build.0 = Debug|Any CPU
		{344E6A06-3402-4B1F-94F2-F440AE0E0641}.Release|Any CPU.ActiveCfg = Release|Any CPU
		{344E6A06-3402-4B1F-94F2-F440AE0E0641}.Release|Any CPU.Build.0 = Release|Any CPU
	EndGlobalSection
	GlobalSection(SolutionProperties) = preSolution
		HideSolutionNode = FALSE
	EndGlobalSection
	GlobalSection(ExtensibilityGlobals) = postSolution
		SolutionGuid = {F056CC6E-2B11-477C-A7DE-E69047CEC29A}
	EndGlobalSection
EndGlobal
